
Microsoft Visual Studio Solution File, Format Version 12.00
# Visual Studio 2012
Project("{FAE04EC0-301F-11D3-BF4B-00C04F79EFBC}") = "ProjectBowtie", "ProjectBowtie\ProjectBowtie.csproj", "{28323AB9-A0A8-4CC2-AE65-9C781FF0A9A2}"
EndProject
Global
	GlobalSection(SolutionConfigurationPlatforms) = preSolution
		Debug|x86 = Debug|x86
		Release|x86 = Release|x86
	EndGlobalSection
	GlobalSection(ProjectConfigurationPlatforms) = postSolution
		{28323AB9-A0A8-4CC2-AE65-9C781FF0A9A2}.Debug|x86.ActiveCfg = Debug|x86
		{28323AB9-A0A8-4CC2-AE65-9C781FF0A9A2}.Debug|x86.Build.0 = Debug|x86
		{28323AB9-A0A8-4CC2-AE65-9C781FF0A9A2}.Release|x86.ActiveCfg = Release|x86
		{28323AB9-A0A8-4CC2-AE65-9C781FF0A9A2}.Release|x86.Build.0 = Release|x86
	EndGlobalSection
EndGlobal
